
Microsoft Visual Studio Solution File, Format Version 12.00
# Visual Studio 2013
VisualStudioVersion = 12.0.31101.0
MinimumVisualStudioVersion = 10.0.40219.1
Project("{FAE04EC0-301F-11D3-BF4B-00C04F79EFBC}") = "ExerciseXamarinIOS", "ExerciseXamarinIOS\ExerciseXamarinIOS.csproj", "{E85C38EE-2953-43DF-9B97-AE7C616B3587}"
EndProject
Global
	GlobalSection(SolutionConfigurationPlatforms) = preSolution
		Ad-Hoc|iPhone = Ad-Hoc|iPhone
		Ad-Hoc|iPhoneSimulator = Ad-Hoc|iPhoneSimulator
		AppStore|iPhone = AppStore|iPhone
		AppStore|iPhoneSimulator = AppStore|iPhoneSimulator
		Debug|iPhone = Debug|iPhone
		Debug|iPhoneSimulator = Debug|iPhoneSimulator
		Release|iPhone = Release|iPhone
		Release|iPhoneSimulator = Release|iPhoneSimulator
	EndGlobalSection
	GlobalSection(ProjectConfigurationPlatforms) = postSolution
		{E85C38EE-2953-43DF-9B97-AE7C616B3587}.Ad-Hoc|iPhone.ActiveCfg = Ad-Hoc|iPhone
		{E85C38EE-2953-43DF-9B97-AE7C616B3587}.Ad-Hoc|iPhone.Build.0 = Ad-Hoc|iPhone
		{E85C38EE-2953-43DF-9B97-AE7C616B3587}.Ad-Hoc|iPhoneSimulator.ActiveCfg = Ad-Hoc|iPhoneSimulator
		{E85C38EE-2953-43DF-9B97-AE7C616B3587}.Ad-Hoc|iPhoneSimulator.Build.0 = Ad-Hoc|iPhoneSimulator
		{E85C38EE-2953-43DF-9B97-AE7C616B3587}.AppStore|iPhone.ActiveCfg = AppStore|iPhone
		{E85C38EE-2953-43DF-9B97-AE7C616B3587}.AppStore|iPhone.Build.0 = AppStore|iPhone
		{E85C38EE-2953-43DF-9B97-AE7C616B3587}.AppStore|iPhoneSimulator.ActiveCfg = AppStore|iPhoneSimulator
		{E85C38EE-2953-43DF-9B97-AE7C616B3587}.AppStore|iPhoneSimulator.Build.0 = AppStore|iPhoneSimulator
		{E85C38EE-2953-43DF-9B97-AE7C616B3587}.Debug|iPhone.ActiveCfg = Debug|iPhone
		{E85C38EE-2953-43DF-9B97-AE7C616B3587}.Debug|iPhone.Build.0 = Debug|iPhone
		{E85C38EE-2953-43DF-9B97-AE7C616B3587}.Debug|iPhoneSimulator.ActiveCfg = Debug|iPhoneSimulator
		{E85C38EE-2953-43DF-9B97-AE7C616B3587}.Debug|iPhoneSimulator.Build.0 = Debug|iPhoneSimulator
		{E85C38EE-2953-43DF-9B97-AE7C616B3587}.Release|iPhone.ActiveCfg = Release|iPhone
		{E85C38EE-2953-43DF-9B97-AE7C616B3587}.Release|iPhone.Build.0 = Release|iPhone
		{E85C38EE-2953-43DF-9B97-AE7C616B3587}.Release|iPhoneSimulator.ActiveCfg = Release|iPhoneSimulator
		{E85C38EE-2953-43DF-9B97-AE7C616B3587}.Release|iPhoneSimulator.Build.0 = Release|iPhoneSimulator
	EndGlobalSection
	GlobalSection(SolutionProperties) = preSolution
		HideSolutionNode = FALSE
	EndGlobalSection
EndGlobal
